
Microsoft Visual Studio Solution File, Format Version 12.00
# Visual Studio Version 16
VisualStudioVersion = 16.0.32106.194
MinimumVisualStudioVersion = 10.0.40219.1
Project("{FAE04EC0-301F-11D3-BF4B-00C04F79EFBC}") = "PeopleData", "PeopleData\PeopleData.csproj", "{B8FF35D4-0A47-453F-A78C-0AF0A797568D}"
EndProject
Global
	GlobalSection(SolutionConfigurationPlatforms) = preSolution
		Debug|Any CPU = Debug|Any CPU
		Release|Any CPU = Release|Any CPU
	EndGlobalSection
	GlobalSection(ProjectConfigurationPlatforms) = postSolution
		{B8FF35D4-0A47-453F-A78C-0AF0A797568D}.Debug|Any CPU.ActiveCfg = Debug|Any CPU
		{B8FF35D4-0A47-453F-A78C-0AF0A797568D}.Debug|Any CPU.Build.0 = Debug|Any CPU
		{B8FF35D4-0A47-453F-A78C-0AF0A797568D}.Release|Any CPU.ActiveCfg = Release|Any CPU
		{B8FF35D4-0A47-453F-A78C-0AF0A797568D}.Release|Any CPU.Build.0 = Release|Any CPU
	EndGlobalSection
	GlobalSection(SolutionProperties) = preSolution
		HideSolutionNode = FALSE
	EndGlobalSection
	GlobalSection(ExtensibilityGlobals) = postSolution
		SolutionGuid = {D4506003-69E8-4644-A73A-7128877516FF}
	EndGlobalSection
EndGlobal
